dependencies:
  espressif/esp-dsp:
    component_hash: 46498b4973097cac29cfc6a692abef44375ffb7b00b73b3f354124efc626a154
    source:
      service_url: https://api.components.espressif.com/
      type: service
    version: 1.4.10
  espressif/jsmn:
    component_hash: d80350c41bbaa827c98a25b6072df00884e72f54885996fab4a4f0aebce6b6c3
    source:
      service_url: https://api.components.espressif.com/
      type: service
    version: 1.1.0
  espressif/nghttp:
    component_hash: 5e55c2fc982f7ddd257818be86f50d60705f3fd3a39d709c399434e81d458e1e
    source:
      service_url: https://api.components.espressif.com/
      type: service
    version: 1.58.0
  idf:
    component_hash: null
    source:
      type: idf
    version: 5.0.0
manifest_hash: 6d937a13d292eb28122b99884c60ad5a24532178fdb7e659bbd817ca6e38bcc7
target: esp32
version: 1.0.0
